
Microsoft Visual Studio Solution File, Format Version 12.00
# Visual Studio 15
VisualStudioVersion = 15.0.28307.106
MinimumVisualStudioVersion = 10.0.40219.1
Project("{FAE04EC0-301F-11D3-BF4B-00C04F79EFBC}") = "ZFS.Api", "ZFS.Api\ZFS.Api.csproj", "{B998C50D-CDD0-4BAC-A224-07915A510F02}"
EndProject
Project("{FAE04EC0-301F-11D3-BF4B-00C04F79EFBC}") = "ZFS.Core", "ZFS.Core\ZFS.Core.csproj", "{C385F269-5761-46DB-AC35-3EFEA87C334F}"
EndProject
Project("{FAE04EC0-301F-11D3-BF4B-00C04F79EFBC}") = "ZFS.EFCore", "ZFS.EFCore\ZFS.EFCore.csproj", "{0587A9D9-17A6-4DD2-924B-E1F0D2BD4D34}"
EndProject
Global
	GlobalSection(SolutionConfigurationPlatforms) = preSolution
		Debug|Any CPU = Debug|Any CPU
		Release|Any CPU = Release|Any CPU
	EndGlobalSection
	GlobalSection(ProjectConfigurationPlatforms) = postSolution
		{B998C50D-CDD0-4BAC-A224-07915A510F02}.Debug|Any CPU.ActiveCfg = Debug|Any CPU
		{B998C50D-CDD0-4BAC-A224-07915A510F02}.Debug|Any CPU.Build.0 = Debug|Any CPU
		{B998C50D-CDD0-4BAC-A224-07915A510F02}.Release|Any CPU.ActiveCfg = Release|Any CPU
		{B998C50D-CDD0-4BAC-A224-07915A510F02}.Release|Any CPU.Build.0 = Release|Any CPU
		{C385F269-5761-46DB-AC35-3EFEA87C334F}.Debug|Any CPU.ActiveCfg = Debug|Any CPU
		{C385F269-5761-46DB-AC35-3EFEA87C334F}.Debug|Any CPU.Build.0 = Debug|Any CPU
		{C385F269-5761-46DB-AC35-3EFEA87C334F}.Release|Any CPU.ActiveCfg = Release|Any CPU
		{C385F269-5761-46DB-AC35-3EFEA87C334F}.Release|Any CPU.Build.0 = Release|Any CPU
		{0587A9D9-17A6-4DD2-924B-E1F0D2BD4D34}.Debug|Any CPU.ActiveCfg = Debug|Any CPU
		{0587A9D9-17A6-4DD2-924B-E1F0D2BD4D34}.Debug|Any CPU.Build.0 = Debug|Any CPU
		{0587A9D9-17A6-4DD2-924B-E1F0D2BD4D34}.Release|Any CPU.ActiveCfg = Release|Any CPU
		{0587A9D9-17A6-4DD2-924B-E1F0D2BD4D34}.Release|Any CPU.Build.0 = Release|Any CPU
	EndGlobalSection
	GlobalSection(SolutionProperties) = preSolution
		HideSolutionNode = FALSE
	EndGlobalSection
	GlobalSection(ExtensibilityGlobals) = postSolution
		SolutionGuid = {C7A19E63-7A03-48CE-A9A8-F689A1AE1529}
	EndGlobalSection
EndGlobal
